
Microsoft Visual Studio Solution File, Format Version 12.00
# Visual Studio Version 17
VisualStudioVersion = 17.5.002.0
MinimumVisualStudioVersion = 10.0.40219.1
Project("{9A19103F-16F7-4668-BE54-9A1E7A4F7556}") = "Server", "Server\Server.csproj", "{78AEE60E-13E6-4830-9D53-A2E211A6275A}"
EndProject
Global
	GlobalSection(SolutionConfigurationPlatforms) = preSolution
		Debug|Any CPU = Debug|Any CPU
		Release|Any CPU = Release|Any CPU
	EndGlobalSection
	GlobalSection(ProjectConfigurationPlatforms) = postSolution
		{78AEE60E-13E6-4830-9D53-A2E211A6275A}.Debug|Any CPU.ActiveCfg = Debug|Any CPU
		{78AEE60E-13E6-4830-9D53-A2E211A6275A}.Debug|Any CPU.Build.0 = Debug|Any CPU
		{78AEE60E-13E6-4830-9D53-A2E211A6275A}.Release|Any CPU.ActiveCfg = Release|Any CPU
		{78AEE60E-13E6-4830-9D53-A2E211A6275A}.Release|Any CPU.Build.0 = Release|Any CPU
	EndGlobalSection
	GlobalSection(SolutionProperties) = preSolution
		HideSolutionNode = FALSE
	EndGlobalSection
	GlobalSection(ExtensibilityGlobals) = postSolution
		SolutionGuid = {D510647F-93DC-4397-9832-29B4DBC2D57C}
	EndGlobalSection
EndGlobal
